// !$*UTF8*$!
{
	archiveVersion = 1;
	classes = {
	};
	objectVersion = 56;
	objects = {

/* Begin PBXBuildFile section */
		454912BA29EE489400C8559C /* Love_CareApp.swift in Sources */ = {isa = PBXBuildFile; fileRef = 454912B929EE489400C8559C /* Love_CareApp.swift */; };
		454912BC29EE489400C8559C /* ContentView.swift in Sources */ = {isa = PBXBuildFile; fileRef = 454912BB29EE489400C8559C /* ContentView.swift */; };
		454912BE29EE489500C8559C /* Assets.xcassets in Resources */ = {isa = PBXBuildFile; fileRef = 454912BD29EE489500C8559C /* Assets.xcassets */; };
		454912C129EE489500C8559C /* Preview Assets.xcassets in Resources */ = {isa = PBXBuildFile; fileRef = 454912C029EE489500C8559C /* Preview Assets.xcassets */; };
		454A737729EE4A6E00CB7EDA /* chimeup.mp3 in Resources */ = {isa = PBXBuildFile; fileRef = 454A737529EE4A6E00CB7EDA /* chimeup.mp3 */; };
		454A737829EE4A6E00CB7EDA /* success.m4a in Resources */ = {isa = PBXBuildFile; fileRef = 454A737629EE4A6E00CB7EDA /* success.m4a */; };
		454A737E29EE4C4600CB7EDA /* Onboarding.swift in Sources */ = {isa = PBXBuildFile; fileRef = 454A737D29EE4C4600CB7EDA /* Onboarding.swift */; };
		454A738029EE4C5700CB7EDA /* Home.swift in Sources */ = {isa = PBXBuildFile; fileRef = 454A737F29EE4C5700CB7EDA /* Home.swift */; };
		454A738229EE53EE00CB7EDA /* CircleGroupView.swift in Sources */ = {isa = PBXBuildFile; fileRef = 454A738129EE53EE00CB7EDA /* CircleGroupView.swift */; };
		454A738429F0EA6E00CB7EDA /* PlaySound.swift in Sources */ = {isa = PBXBuildFile; fileRef = 454A738329F0EA6E00CB7EDA /* PlaySound.swift */; };
/* End PBXBuildFile section */

/* Begin PBXFileReference section */
		454912B629EE489400C8559C /* Love&Care.app */ = {isa = PBXFileReference; explicitFileType = wrapper.application; includeInIndex = 0; path = "Love&Care.app"; sourceTree = BUILT_PRODUCTS_DIR; };
		454912B929EE489400C8559C /* Love_CareApp.swift */ = {isa = PBXFileReference; lastKnownFileType = sourcecode.swift; path = Love_CareApp.swift; sourceTree = "<group>"; };
		454912BB29EE489400C8559C /* ContentView.swift */ = {isa = PBXFileReference; lastKnownFileType = sourcecode.swift; path = ContentView.swift; sourceTree = "<group>"; };
		454912BD29EE489500C8559C /* Assets.xcassets */ = {isa = PBXFileReference; lastKnownFileType = folder.assetcatalog; path = Assets.xcassets; sourceTree = "<group>"; };
		454912C029EE489500C8559C /* Preview Assets.xcassets */ = {isa = PBXFileReference; lastKnownFileType = folder.assetcatalog; path = "Preview Assets.xcassets"; sourceTree = "<group>"; };
		454A737529EE4A6E00CB7EDA /* chimeup.mp3 */ = {isa = PBXFileReference; lastKnownFileType = audio.mp3; path = chimeup.mp3; sourceTree = "<group>"; };
		454A737629EE4A6E00CB7EDA /* success.m4a */ = {isa = PBXFileReference; lastKnownFileType = file; path = success.m4a; sourceTree = "<group>"; };
		454A737D29EE4C4600CB7EDA /* Onboarding.swift */ = {isa = PBXFileReference; lastKnownFileType = sourcecode.swift; path = Onboarding.swift; sourceTree = "<group>"; };
		454A737F29EE4C5700CB7EDA /* Home.swift */ = {isa = PBXFileReference; lastKnownFileType = sourcecode.swift; path = Home.swift; sourceTree = "<group>"; };
		454A738129EE53EE00CB7EDA /* CircleGroupView.swift */ = {isa = PBXFileReference; lastKnownFileType = sourcecode.swift; path = CircleGroupView.swift; sourceTree = "<group>"; };
		454A738329F0EA6E00CB7EDA /* PlaySound.swift */ = {isa = PBXFileReference; lastKnownFileType = sourcecode.swift; path = PlaySound.swift; sourceTree = "<group>"; };
/* End PBXFileReference section */

/* Begin PBXFrameworksBuildPhase section */
		454912B329EE489400C8559C /* Frameworks */ = {
			isa = PBXFrameworksBuildPhase;
			buildActionMask = 2147483647;
			files = (
			);
			runOnlyForDeploymentPostprocessing = 0;
		};
/* End PBXFrameworksBuildPhase section */

/* Begin PBXGroup section */
		454912AD29EE489400C8559C = {
			isa = PBXGroup;
			children = (
				454912B829EE489400C8559C /* Love&Care */,
				454912B729EE489400C8559C /* Products */,
			);
			sourceTree = "<group>";
		};
		454912B729EE489400C8559C /* Products */ = {
			isa = PBXGroup;
			children = (
				454912B629EE489400C8559C /* Love&Care.app */,
			);
			name = Products;
			sourceTree = "<group>";
		};
		454912B829EE489400C8559C /* Love&Care */ = {
			isa = PBXGroup;
			children = (
				454A737C29EE4BBA00CB7EDA /* Utilities */,
				454A737B29EE4BA800CB7EDA /* Components */,
				454A737A29EE4B4C00CB7EDA /* Screens */,
				454A737929EE4B3B00CB7EDA /* Sound */,
				454912BD29EE489500C8559C /* Assets.xcassets */,
				454912BF29EE489500C8559C /* Preview Content */,
			);
			path = "Love&Care";
			sourceTree = "<group>";
		};
		454912BF29EE489500C8559C /* Preview Content */ = {
			isa = PBXGroup;
			children = (
				454912C029EE489500C8559C /* Preview Assets.xcassets */,
			);
			path = "Preview Content";
			sourceTree = "<group>";
		};
		454A737929EE4B3B00CB7EDA /* Sound */ = {
			isa = PBXGroup;
			children = (
				454A737529EE4A6E00CB7EDA /* chimeup.mp3 */,
				454A737629EE4A6E00CB7EDA /* success.m4a */,
			);
			path = Sound;
			sourceTree = "<group>";
		};
		454A737A29EE4B4C00CB7EDA /* Screens */ = {
			isa = PBXGroup;
			children = (
				454912B929EE489400C8559C /* Love_CareApp.swift */,
				454912BB29EE489400C8559C /* ContentView.swift */,
				454A737D29EE4C4600CB7EDA /* Onboarding.swift */,
				454A737F29EE4C5700CB7EDA /* Home.swift */,
			);
			path = Screens;
			sourceTree = "<group>";
		};
		454A737B29EE4BA800CB7EDA /* Components */ = {
			isa = PBXGroup;
			children = (
				454A738129EE53EE00CB7EDA /* CircleGroupView.swift */,
			);
			path = Components;
			sourceTree = "<group>";
		};
		454A737C29EE4BBA00CB7EDA /* Utilities */ = {
			isa = PBXGroup;
			children = (
				454A738329F0EA6E00CB7EDA /* PlaySound.swift */,
			);
			path = Utilities;
			sourceTree = "<group>";
		};
/* End PBXGroup section */

/* Begin PBXNativeTarget section */
		454912B529EE489400C8559C /* Love&Care */ = {
			isa = PBXNativeTarget;
			buildConfigurationList = 454912C429EE489500C8559C /* Build configuration list for PBXNativeTarget "Love&Care" */;
			buildPhases = (
				454912B229EE489400C8559C /* Sources */,
				454912B329EE489400C8559C /* Frameworks */,
				454912B429EE489400C8559C /* Resources */,
			);
			buildRules = (
			);
			dependencies = (
			);
			name = "Love&Care";
			productName = "Love&Care";
			productReference = 454912B629EE489400C8559C /* Love&Care.app */;
			productType = "com.apple.product-type.application";
		};
/* End PBXNativeTarget section */

/* Begin PBXProject section */
		454912AE29EE489400C8559C /* Project object */ = {
			isa = PBXProject;
			attributes = {
				BuildIndependentTargetsInParallel = 1;
				LastSwiftUpdateCheck = 1420;
				LastUpgradeCheck = 1420;
				TargetAttributes = {
					454912B529EE489400C8559C = {
						CreatedOnToolsVersion = 14.2;
					};
				};
			};
			buildConfigurationList = 454912B129EE489400C8559C /* Build configuration list for PBXProject "Love&Care" */;
			compatibilityVersion = "Xcode 14.0";
			developmentRegion = en;
			hasScannedForEncodings = 0;
			knownRegions = (
				en,
				Base,
			);
			mainGroup = 454912AD29EE489400C8559C;
			productRefGroup = 454912B729EE489400C8559C /* Products */;
			projectDirPath = "";
			projectRoot = "";
			targets = (
				454912B529EE489400C8559C /* Love&Care */,
			);
		};
/* End PBXProject section */

/* Begin PBXResourcesBuildPhase section */
		454912B429EE489400C8559C /* Resources */ = {
			isa = PBXResourcesBuildPhase;
			buildActionMask = 2147483647;
			files = (
				454A737829EE4A6E00CB7EDA /* success.m4a in Resources */,
				454A737729EE4A6E00CB7EDA /* chimeup.mp3 in Resources */,
				454912C129EE489500C8559C /* Preview Assets.xcassets in Resources */,
				454912BE29EE489500C8559C /* Assets.xcassets in Resources */,
			);
			runOnlyForDeploymentPostprocessing = 0;
		};
/* End PBXResourcesBuildPhase section */

/* Begin PBXSourcesBuildPhase section */
		454912B229EE489400C8559C /* Sources */ = {
			isa = PBXSourcesBuildPhase;
			buildActionMask = 2147483647;
			files = (
				454A738229EE53EE00CB7EDA /* CircleGroupView.swift in Sources */,
				454A738429F0EA6E00CB7EDA /* PlaySound.swift in Sources */,
				454A737E29EE4C4600CB7EDA /* Onboarding.swift in Sources */,
				454912BC29EE489400C8559C /* ContentView.swift in Sources */,
				454A738029EE4C5700CB7EDA /* Home.swift in Sources */,
				454912BA29EE489400C8559C /* Love_CareApp.swift in Sources */,
			);
			runOnlyForDeploymentPostprocessing = 0;
		};
/* End PBXSourcesBuildPhase section */

/* Begin XCBuildConfiguration section */
		454912C229EE489500C8559C /* Debug */ = {
			isa = XCBuildConfiguration;
			buildSettings = {
				ALWAYS_SEARCH_USER_PATHS = NO;
				CLANG_ANALYZER_NONNULL = YES;
				CLANG_ANALYZER_NUMBER_OBJECT_CONVERSION = YES_AGGRESSIVE;
				CLANG_CXX_LANGUAGE_STANDARD = "gnu++20";
				CLANG_ENABLE_MODULES = YES;
				CLANG_ENABLE_OBJC_ARC = YES;
				CLANG_ENABLE_OBJC_WEAK = YES;
				CLANG_WARN_BLOCK_CAPTURE_AUTORELEASING = YES;
				CLANG_WARN_BOOL_CONVERSION = YES;
				CLANG_WARN_COMMA = YES;
				CLANG_WARN_CONSTANT_CONVERSION = YES;
				CLANG_WARN_DEPRECATED_OBJC_IMPLEMENTATIONS = YES;
				CLANG_WARN_DIRECT_OBJC_ISA_USAGE = YES_ERROR;
				CLANG_WARN_DOCUMENTATION_COMMENTS = YES;
				CLANG_WARN_EMPTY_BODY = YES;
				CLANG_WARN_ENUM_CONVERSION = YES;
				CLANG_WARN_INFINITE_RECURSION = YES;
				CLANG_WARN_INT_CONVERSION = YES;
				CLANG_WARN_NON_LITERAL_NULL_CONVERSION = YES;
				CLANG_WARN_OBJC_IMPLICIT_RETAIN_SELF = YES;
				CLANG_WARN_OBJC_LITERAL_CONVERSION = YES;
				CLANG_WARN_OBJC_ROOT_CLASS = YES_ERROR;
				CLANG_WARN_QUOTED_INCLUDE_IN_FRAMEWORK_HEADER = YES;
				CLANG_WARN_RANGE_LOOP_ANALYSIS = YES;
				CLANG_WARN_STRICT_PROTOTYPES = YES;
				CLANG_WARN_SUSPICIOUS_MOVE = YES;
				CLANG_WARN_UNGUARDED_AVAILABILITY = YES_AGGRESSIVE;
				CLANG_WARN_UNREACHABLE_CODE = YES;
				CLANG_WARN__DUPLICATE_METHOD_MATCH = YES;
				COPY_PHASE_STRIP = NO;
				DEBUG_INFORMATION_FORMAT = dwarf;
				ENABLE_STRICT_OBJC_MSGSEND = YES;
				ENABLE_TESTABILITY = YES;
				GCC_C_LANGUAGE_STANDARD = gnu11;
				GCC_DYNAMIC_NO_PIC = NO;
				GCC_NO_COMMON_BLOCKS = YES;
				GCC_OPTIMIZATION_LEVEL = 0;
				GCC_PREPROCESSOR_DEFINITIONS = (
					"DEBUG=1",
					"$(inherited)",
				);
				GCC_WARN_64_TO_32_BIT_CONVERSION = YES;
				GCC_WARN_ABOUT_RETURN_TYPE = YES_ERROR;
				GCC_WARN_UNDECLARED_SELECTOR = YES;
				GCC_WARN_UNINITIALIZED_AUTOS = YES_AGGRESSIVE;
				GCC_WARN_UNUSED_FUNCTION = YES;
				GCC_WARN_UNUSED_VARIABLE = YES;
				IPHONEOS_DEPLOYMENT_TARGET = 16.2;
				MTL_ENABLE_DEBUG_INFO = INCLUDE_SOURCE;
				MTL_FAST_MATH = YES;
				ONLY_ACTIVE_ARCH = YES;
				SDKROOT = iphoneos;
				SWIFT_ACTIVE_COMPILATION_CONDITIONS = DEBUG;
				SWIFT_OPTIMIZATION_LEVEL = "-Onone";
			};
			name = Debug;
		};
		454912C329EE489500C8559C /* Release */ = {
			isa = XCBuildConfiguration;
			buildSettings = {
				ALWAYS_SEARCH_USER_PATHS = NO;
				CLANG_ANALYZER_NONNULL = YES;
				CLANG_ANALYZER_NUMBER_OBJECT_CONVERSION = YES_AGGRESSIVE;
				CLANG_CXX_LANGUAGE_STANDARD = "gnu++20";
				CLANG_ENABLE_MODULES = YES;
				CLANG_ENABLE_OBJC_ARC = YES;
				CLANG_ENABLE_OBJC_WEAK = YES;
				CLANG_WARN_BLOCK_CAPTURE_AUTORELEASING = YES;
				CLANG_WARN_BOOL_CONVERSION = YES;
				CLANG_WARN_COMMA = YES;
				CLANG_WARN_CONSTANT_CONVERSION = YES;
				CLANG_WARN_DEPRECATED_OBJC_IMPLEMENTATIONS = YES;
				CLANG_WARN_DIRECT_OBJC_ISA_USAGE = YES_ERROR;
				CLANG_WARN_DOCUMENTATION_COMMENTS = YES;
				CLANG_WARN_EMPTY_BODY = YES;
				CLANG_WARN_ENUM_CONVERSION = YES;
				CLANG_WARN_INFINITE_RECURSION = YES;
				CLANG_WARN_INT_CONVERSION = YES;
				CLANG_WARN_NON_LITERAL_NULL_CONVERSION = YES;
				CLANG_WARN_OBJC_IMPLICIT_RETAIN_SELF = YES;
				CLANG_WARN_OBJC_LITERAL_CONVERSION = YES;
				CLANG_WARN_OBJC_ROOT_CLASS = YES_ERROR;
				CLANG_WARN_QUOTED_INCLUDE_IN_FRAMEWORK_HEADER = YES;
				CLANG_WARN_RANGE_LOOP_ANALYSIS = YES;
				CLANG_WARN_STRICT_PROTOTYPES = YES;
				CLANG_WARN_SUSPICIOUS_MOVE = YES;
				CLANG_WARN_UNGUARDED_AVAILABILITY = YES_AGGRESSIVE;
				CLANG_WARN_UNREACHABLE_CODE = YES;
				CLANG_WARN__DUPLICATE_METHOD_MATCH = YES;
				COPY_PHASE_STRIP = NO;
				DEBUG_INFORMATION_FORMAT = "dwarf-with-dsym";
				ENABLE_NS_ASSERTIONS = NO;
				ENABLE_STRICT_OBJC_MSGSEND = YES;
				GCC_C_LANGUAGE_STANDARD = gnu11;
				GCC_NO_COMMON_BLOCKS = YES;
				GCC_WARN_64_TO_32_BIT_CONVERSION = YES;
				GCC_WARN_ABOUT_RETURN_TYPE = YES_ERROR;
				GCC_WARN_UNDECLARED_SELECTOR = YES;
				GCC_WARN_UNINITIALIZED_AUTOS = YES_AGGRESSIVE;
				GCC_WARN_UNUSED_FUNCTION = YES;
				GCC_WARN_UNUSED_VARIABLE = YES;
				IPHONEOS_DEPLOYMENT_TARGET = 16.2;
				MTL_ENABLE_DEBUG_INFO = NO;
				MTL_FAST_MATH = YES;
				SDKROOT = iphoneos;
				SWIFT_COMPILATION_MODE = wholemodule;
				SWIFT_OPTIMIZATION_LEVEL = "-O";
				VALIDATE_PRODUCT = YES;
			};
			name = Release;
		};
		454912C529EE489500C8559C /* Debug */ = {
			isa = XCBuildConfiguration;
			buildSettings = {
				ASSETCATALOG_COMPILER_APPICON_NAME = AppIcon;
				ASSETCATALOG_COMPILER_GLOBAL_ACCENT_COLOR_NAME = AccentColor;
				CODE_SIGN_STYLE = Automatic;
				CURRENT_PROJECT_VERSION = 1;
				DEVELOPMENT_ASSET_PATHS = "\"Love&Care/Preview Content\"";
				ENABLE_PREVIEWS = YES;
				GENERATE_INFOPLIST_FILE = YES;
				INFOPLIST_KEY_UIApplicationSceneManifest_Generation = YES;
				INFOPLIST_KEY_UIApplicationSupportsIndirectInputEvents = YES;
				INFOPLIST_KEY_UILaunchScreen_Generation = YES;
				INFOPLIST_KEY_UISupportedInterfaceOrientations_iPad = "UIInterfaceOrientationPortrait UIInterfaceOrientationPortraitUpsideDown UIInterfaceOrientationLandscapeLeft UIInterfaceOrientationLandscapeRight";
				INFOPLIST_KEY_UISupportedInterfaceOrientations_iPhone = "UIInterfaceOrientationPortrait UIInterfaceOrientationLandscapeLeft UIInterfaceOrientationLandscapeRight";
				LD_RUNPATH_SEARCH_PATHS = (
					"$(inherited)",
					"@executable_path/Frameworks",
				);
				MARKETING_VERSION = 1.0;
				PRODUCT_BUNDLE_IDENTIFIER = "com.nomadstory.nomadstory.Love-Care";
				PRODUCT_NAME = "$(TARGET_NAME)";
				SWIFT_EMIT_LOC_STRINGS = YES;
				SWIFT_VERSION = 5.0;
				TARGETED_DEVICE_FAMILY = "1,2";
			};
			name = Debug;
		};
		454912C629EE489500C8559C /* Release */ = {
			isa = XCBuildConfiguration;
			buildSettings = {
				ASSETCATALOG_COMPILER_APPICON_NAME = AppIcon;
				ASSETCATALOG_COMPILER_GLOBAL_ACCENT_COLOR_NAME = AccentColor;
				CODE_SIGN_STYLE = Automatic;
				CURRENT_PROJECT_VERSION = 1;
				DEVELOPMENT_ASSET_PATHS = "\"Love&Care/Preview Content\"";
				ENABLE_PREVIEWS = YES;
				GENERATE_INFOPLIST_FILE = YES;
				INFOPLIST_KEY_UIApplicationSceneManifest_Generation = YES;
				INFOPLIST_KEY_UIApplicationSupportsIndirectInputEvents = YES;
				INFOPLIST_KEY_UILaunchScreen_Generation = YES;
				INFOPLIST_KEY_UISupportedInterfaceOrientations_iPad = "UIInterfaceOrientationPortrait UIInterfaceOrientationPortraitUpsideDown UIInterfaceOrientationLandscapeLeft UIInterfaceOrientationLandscapeRight";
				INFOPLIST_KEY_UISupportedInterfaceOrientations_iPhone = "UIInterfaceOrientationPortrait UIInterfaceOrientationLandscapeLeft UIInterfaceOrientationLandscapeRight";
				LD_RUNPATH_SEARCH_PATHS = (
					"$(inherited)",
					"@executable_path/Frameworks",
				);
				MARKETING_VERSION = 1.0;
				PRODUCT_BUNDLE_IDENTIFIER = "com.nomadstory.nomadstory.Love-Care";
				PRODUCT_NAME = "$(TARGET_NAME)";
				SWIFT_EMIT_LOC_STRINGS = YES;
				SWIFT_VERSION = 5.0;
				TARGETED_DEVICE_FAMILY = "1,2";
			};
			name = Release;
		};
/* End XCBuildConfiguration section */

/* Begin XCConfigurationList section */
		454912B129EE489400C8559C /* Build configuration list for PBXProject "Love&Care" */ = {
			isa = XCConfigurationList;
			buildConfigurations = (
				454912C229EE489500C8559C /* Debug */,
				454912C329EE489500C8559C /* Release */,
			);
			defaultConfigurationIsVisible = 0;
			defaultConfigurationName = Release;
		};
		454912C429EE489500C8559C /* Build configuration list for PBXNativeTarget "Love&Care" */ = {
			isa = XCConfigurationList;
			buildConfigurations = (
				454912C529EE489500C8559C /* Debug */,
				454912C629EE489500C8559C /* Release */,
			);
			defaultConfigurationIsVisible = 0;
			defaultConfigurationName = Release;
		};
/* End XCConfigurationList section */
	};
	rootObject = 454912AE29EE489400C8559C /* Project object */;
}
